// !$*UTF8*$!
{
	archiveVersion = 1;
	classes = {
	};
	objectVersion = 50;
	objects = {

/* Begin PBXBuildFile section */
		F1066393262BFFC900DC5389 /* AppDelegate.swift in Sources */ = {isa = PBXBuildFile; fileRef = F1066392262BFFC900DC5389 /* AppDelegate.swift */; };
		F1066395262BFFC900DC5389 /* SceneDelegate.swift in Sources */ = {isa = PBXBuildFile; fileRef = F1066394262BFFC900DC5389 /* SceneDelegate.swift */; };
		F1066397262BFFC900DC5389 /* ViewController.swift in Sources */ = {isa = PBXBuildFile; fileRef = F1066396262BFFC900DC5389 /* ViewController.swift */; };
		F106639A262BFFC900DC5389 /* Main.storyboard in Resources */ = {isa = PBXBuildFile; fileRef = F1066398262BFFC900DC5389 /* Main.storyboard */; };
		F106639C262BFFCB00DC5389 /* Assets.xcassets in Resources */ = {isa = PBXBuildFile; fileRef = F106639B262BFFCB00DC5389 /* Assets.xcassets */; };
		F106639F262BFFCB00DC5389 /* LaunchScreen.storyboard in Resources */ = {isa = PBXBuildFile; fileRef = F106639D262BFFCB00DC5389 /* LaunchScreen.storyboard */; };
		F10663AA262BFFCB00DC5389 /* TableViewControllerTests.swift in Sources */ = {isa = PBXBuildFile; fileRef = F10663A9262BFFCB00DC5389 /* TableViewControllerTests.swift */; };
		F10663B5262BFFCB00DC5389 /* TableViewControllerUITests.swift in Sources */ = {isa = PBXBuildFile; fileRef = F10663B4262BFFCB00DC5389 /* TableViewControllerUITests.swift */; };
/* End PBXBuildFile section */

/* Begin PBXContainerItemProxy section */
		F10663A6262BFFCB00DC5389 /* PBXContainerItemProxy */ = {
			isa = PBXContainerItemProxy;
			containerPortal = F1066387262BFFC900DC5389 /* Project object */;
			proxyType = 1;
			remoteGlobalIDString = F106638E262BFFC900DC5389;
			remoteInfo = TableViewController;
		};
		F10663B1262BFFCB00DC5389 /* PBXContainerItemProxy */ = {
			isa = PBXContainerItemProxy;
			containerPortal = F1066387262BFFC900DC5389 /* Project object */;
			proxyType = 1;
			remoteGlobalIDString = F106638E262BFFC900DC5389;
			remoteInfo = TableViewController;
		};
/* End PBXContainerItemProxy section */

/* Begin PBXFileReference section */
		F106638F262BFFC900DC5389 /* TableViewController.app */ = {isa = PBXFileReference; explicitFileType = wrapper.application; includeInIndex = 0; path = TableViewController.app; sourceTree = BUILT_PRODUCTS_DIR; };
		F1066392262BFFC900DC5389 /* AppDelegate.swift */ = {isa = PBXFileReference; lastKnownFileType = sourcecode.swift; path = AppDelegate.swift; sourceTree = "<group>"; };
		F1066394262BFFC900DC5389 /* SceneDelegate.swift */ = {isa = PBXFileReference; lastKnownFileType = sourcecode.swift; path = SceneDelegate.swift; sourceTree = "<group>"; };
		F1066396262BFFC900DC5389 /* ViewController.swift */ = {isa = PBXFileReference; lastKnownFileType = sourcecode.swift; path = ViewController.swift; sourceTree = "<group>"; };
		F1066399262BFFC900DC5389 /* Base */ = {isa = PBXFileReference; lastKnownFileType = file.storyboard; name = Base; path = Base.lproj/Main.storyboard; sourceTree = "<group>"; };
		F106639B262BFFCB00DC5389 /* Assets.xcassets */ = {isa = PBXFileReference; lastKnownFileType = folder.assetcatalog; path = Assets.xcassets; sourceTree = "<group>"; };
		F106639E262BFFCB00DC5389 /* Base */ = {isa = PBXFileReference; lastKnownFileType = file.storyboard; name = Base; path = Base.lproj/LaunchScreen.storyboard; sourceTree = "<group>"; };
		F10663A0262BFFCB00DC5389 /* Info.plist */ = {isa = PBXFileReference; lastKnownFileType = text.plist.xml; path = Info.plist; sourceTree = "<group>"; };
		F10663A5262BFFCB00DC5389 /* TableViewControllerTests.xctest */ = {isa = PBXFileReference; explicitFileType = wrapper.cfbundle; includeInIndex = 0; path = TableViewControllerTests.xctest; sourceTree = BUILT_PRODUCTS_DIR; };
		F10663A9262BFFCB00DC5389 /* TableViewControllerTests.swift */ = {isa = PBXFileReference; lastKnownFileType = sourcecode.swift; path = TableViewControllerTests.swift; sourceTree = "<group>"; };
		F10663AB262BFFCB00DC5389 /* Info.plist */ = {isa = PBXFileReference; lastKnownFileType = text.plist.xml; path = Info.plist; sourceTree = "<group>"; };
		F10663B0262BFFCB00DC5389 /* TableViewControllerUITests.xctest */ = {isa = PBXFileReference; explicitFileType = wrapper.cfbundle; includeInIndex = 0; path = TableViewControllerUITests.xctest; sourceTree = BUILT_PRODUCTS_DIR; };
		F10663B4262BFFCB00DC5389 /* TableViewControllerUITests.swift */ = {isa = PBXFileReference; lastKnownFileType = sourcecode.swift; path = TableViewControllerUITests.swift; sourceTree = "<group>"; };
		F10663B6262BFFCB00DC5389 /* Info.plist */ = {isa = PBXFileReference; lastKnownFileType = text.plist.xml; path = Info.plist; sourceTree = "<group>"; };
/* End PBXFileReference section */

/* Begin PBXFrameworksBuildPhase section */
		F106638C262BFFC900DC5389 /* Frameworks */ = {
			isa = PBXFrameworksBuildPhase;
			buildActionMask = 2147483647;
			files = (
			);
			runOnlyForDeploymentPostprocessing = 0;
		};
		F10663A2262BFFCB00DC5389 /* Frameworks */ = {
			isa = PBXFrameworksBuildPhase;
			buildActionMask = 2147483647;
			files = (
			);
			runOnlyForDeploymentPostprocessing = 0;
		};
		F10663AD262BFFCB00DC5389 /* Frameworks */ = {
			isa = PBXFrameworksBuildPhase;
			buildActionMask = 2147483647;
			files = (
			);
			runOnlyForDeploymentPostprocessing = 0;
		};
/* End PBXFrameworksBuildPhase section */

/* Begin PBXGroup section */
		F1066386262BFFC900DC5389 = {
			isa = PBXGroup;
			children = (
				F1066391262BFFC900DC5389 /* TableViewController */,
				F10663A8262BFFCB00DC5389 /* TableViewControllerTests */,
				F10663B3262BFFCB00DC5389 /* TableViewControllerUITests */,
				F1066390262BFFC900DC5389 /* Products */,
			);
			sourceTree = "<group>";
		};
		F1066390262BFFC900DC5389 /* Products */ = {
			isa = PBXGroup;
			children = (
				F106638F262BFFC900DC5389 /* TableViewController.app */,
				F10663A5262BFFCB00DC5389 /* TableViewControllerTests.xctest */,
				F10663B0262BFFCB00DC5389 /* TableViewControllerUITests.xctest */,
			);
			name = Products;
			sourceTree = "<group>";
		};
		F1066391262BFFC900DC5389 /* TableViewController */ = {
			isa = PBXGroup;
			children = (
				F1066392262BFFC900DC5389 /* AppDelegate.swift */,
				F1066394262BFFC900DC5389 /* SceneDelegate.swift */,
				F1066396262BFFC900DC5389 /* ViewController.swift */,
				F1066398262BFFC900DC5389 /* Main.storyboard */,
				F106639B262BFFCB00DC5389 /* Assets.xcassets */,
				F106639D262BFFCB00DC5389 /* LaunchScreen.storyboard */,
				F10663A0262BFFCB00DC5389 /* Info.plist */,
			);
			path = TableViewController;
			sourceTree = "<group>";
		};
		F10663A8262BFFCB00DC5389 /* TableViewControllerTests */ = {
			isa = PBXGroup;
			children = (
				F10663A9262BFFCB00DC5389 /* TableViewControllerTests.swift */,
				F10663AB262BFFCB00DC5389 /* Info.plist */,
			);
			path = TableViewControllerTests;
			sourceTree = "<group>";
		};
		F10663B3262BFFCB00DC5389 /* TableViewControllerUITests */ = {
			isa = PBXGroup;
			children = (
				F10663B4262BFFCB00DC5389 /* TableViewControllerUITests.swift */,
				F10663B6262BFFCB00DC5389 /* Info.plist */,
			);
			path = TableViewControllerUITests;
			sourceTree = "<group>";
		};
/* End PBXGroup section */

/* Begin PBXNativeTarget section */
		F106638E262BFFC900DC5389 /* TableViewController */ = {
			isa = PBXNativeTarget;
			buildConfigurationList = F10663B9262BFFCB00DC5389 /* Build configuration list for PBXNativeTarget "TableViewController" */;
			buildPhases = (
				F106638B262BFFC900DC5389 /* Sources */,
				F106638C262BFFC900DC5389 /* Frameworks */,
				F106638D262BFFC900DC5389 /* Resources */,
			);
			buildRules = (
			);
			dependencies = (
			);
			name = TableViewController;
			productName = TableViewController;
			productReference = F106638F262BFFC900DC5389 /* TableViewController.app */;
			productType = "com.apple.product-type.application";
		};
		F10663A4262BFFCB00DC5389 /* TableViewControllerTests */ = {
			isa = PBXNativeTarget;
			buildConfigurationList = F10663BC262BFFCB00DC5389 /* Build configuration list for PBXNativeTarget "TableViewControllerTests" */;
			buildPhases = (
				F10663A1262BFFCB00DC5389 /* Sources */,
				F10663A2262BFFCB00DC5389 /* Frameworks */,
				F10663A3262BFFCB00DC5389 /* Resources */,
			);
			buildRules = (
			);
			dependencies = (
				F10663A7262BFFCB00DC5389 /* PBXTargetDependency */,
			);
			name = TableViewControllerTests;
			productName = TableViewControllerTests;
			productReference = F10663A5262BFFCB00DC5389 /* TableViewControllerTests.xctest */;
			productType = "com.apple.product-type.bundle.unit-test";
		};
		F10663AF262BFFCB00DC5389 /* TableViewControllerUITests */ = {
			isa = PBXNativeTarget;
			buildConfigurationList = F10663BF262BFFCB00DC5389 /* Build configuration list for PBXNativeTarget "TableViewControllerUITests" */;
			buildPhases = (
				F10663AC262BFFCB00DC5389 /* Sources */,
				F10663AD262BFFCB00DC5389 /* Frameworks */,
				F10663AE262BFFCB00DC5389 /* Resources */,
			);
			buildRules = (
			);
			dependencies = (
				F10663B2262BFFCB00DC5389 /* PBXTargetDependency */,
			);
			name = TableViewControllerUITests;
			productName = TableViewControllerUITests;
			productReference = F10663B0262BFFCB00DC5389 /* TableViewControllerUITests.xctest */;
			productType = "com.apple.product-type.bundle.ui-testing";
		};
/* End PBXNativeTarget section */

/* Begin PBXProject section */
		F1066387262BFFC900DC5389 /* Project object */ = {
			isa = PBXProject;
			attributes = {
				LastSwiftUpdateCheck = 1240;
				LastUpgradeCheck = 1240;
				TargetAttributes = {
					F106638E262BFFC900DC5389 = {
						CreatedOnToolsVersion = 12.4;
					};
					F10663A4262BFFCB00DC5389 = {
						CreatedOnToolsVersion = 12.4;
						TestTargetID = F106638E262BFFC900DC5389;
					};
					F10663AF262BFFCB00DC5389 = {
						CreatedOnToolsVersion = 12.4;
						TestTargetID = F106638E262BFFC900DC5389;
					};
				};
			};
			buildConfigurationList = F106638A262BFFC900DC5389 /* Build configuration list for PBXProject "TableViewController" */;
			compatibilityVersion = "Xcode 9.3";
			developmentRegion = en;
			hasScannedForEncodings = 0;
			knownRegions = (
				en,
				Base,
			);
			mainGroup = F1066386262BFFC900DC5389;
			productRefGroup = F1066390262BFFC900DC5389 /* Products */;
			projectDirPath = "";
			projectRoot = "";
			targets = (
				F106638E262BFFC900DC5389 /* TableViewController */,
				F10663A4262BFFCB00DC5389 /* TableViewControllerTests */,
				F10663AF262BFFCB00DC5389 /* TableViewControllerUITests */,
			);
		};
/* End PBXProject section */

/* Begin PBXResourcesBuildPhase section */
		F106638D262BFFC900DC5389 /* Resources */ = {
			isa = PBXResourcesBuildPhase;
			buildActionMask = 2147483647;
			files = (
				F106639F262BFFCB00DC5389 /* LaunchScreen.storyboard in Resources */,
				F106639C262BFFCB00DC5389 /* Assets.xcassets in Resources */,
				F106639A262BFFC900DC5389 /* Main.storyboard in Resources */,
			);
			runOnlyForDeploymentPostprocessing = 0;
		};
		F10663A3262BFFCB00DC5389 /* Resources */ = {
			isa = PBXResourcesBuildPhase;
			buildActionMask = 2147483647;
			files = (
			);
			runOnlyForDeploymentPostprocessing = 0;
		};
		F10663AE262BFFCB00DC5389 /* Resources */ = {
			isa = PBXResourcesBuildPhase;
			buildActionMask = 2147483647;
			files = (
			);
			runOnlyForDeploymentPostprocessing = 0;
		};
/* End PBXResourcesBuildPhase section */

/* Begin PBXSourcesBuildPhase section */
		F106638B262BFFC900DC5389 /* Sources */ = {
			isa = PBXSourcesBuildPhase;
			buildActionMask = 2147483647;
			files = (
				F1066397262BFFC900DC5389 /* ViewController.swift in Sources */,
				F1066393262BFFC900DC5389 /* AppDelegate.swift in Sources */,
				F1066395262BFFC900DC5389 /* SceneDelegate.swift in Sources */,
			);
			runOnlyForDeploymentPostprocessing = 0;
		};
		F10663A1262BFFCB00DC5389 /* Sources */ = {
			isa = PBXSourcesBuildPhase;
			buildActionMask = 2147483647;
			files = (
				F10663AA262BFFCB00DC5389 /* TableViewControllerTests.swift in Sources */,
			);
			runOnlyForDeploymentPostprocessing = 0;
		};
		F10663AC262BFFCB00DC5389 /* Sources */ = {
			isa = PBXSourcesBuildPhase;
			buildActionMask = 2147483647;
			files = (
				F10663B5262BFFCB00DC5389 /* TableViewControllerUITests.swift in Sources */,
			);
			runOnlyForDeploymentPostprocessing = 0;
		};
/* End PBXSourcesBuildPhase section */

/* Begin PBXTargetDependency section */
		F10663A7262BFFCB00DC5389 /* PBXTargetDependency */ = {
			isa = PBXTargetDependency;
			target = F106638E262BFFC900DC5389 /* TableViewController */;
			targetProxy = F10663A6262BFFCB00DC5389 /* PBXContainerItemProxy */;
		};
		F10663B2262BFFCB00DC5389 /* PBXTargetDependency */ = {
			isa = PBXTargetDependency;
			target = F106638E262BFFC900DC5389 /* TableViewController */;
			targetProxy = F10663B1262BFFCB00DC5389 /* PBXContainerItemProxy */;
		};
/* End PBXTargetDependency section */

/* Begin PBXVariantGroup section */
		F1066398262BFFC900DC5389 /* Main.storyboard */ = {
			isa = PBXVariantGroup;
			children = (
				F1066399262BFFC900DC5389 /* Base */,
			);
			name = Main.storyboard;
			sourceTree = "<group>";
		};
		F106639D262BFFCB00DC5389 /* LaunchScreen.storyboard */ = {
			isa = PBXVariantGroup;
			children = (
				F106639E262BFFCB00DC5389 /* Base */,
			);
			name = LaunchScreen.storyboard;
			sourceTree = "<group>";
		};
/* End PBXVariantGroup section */

/* Begin XCBuildConfiguration section */
		F10663B7262BFFCB00DC5389 /* Debug */ = {
			isa = XCBuildConfiguration;
			buildSettings = {
				ALWAYS_SEARCH_USER_PATHS = NO;
				CLANG_ANALYZER_NONNULL = YES;
				CLANG_ANALYZER_NUMBER_OBJECT_CONVERSION = YES_AGGRESSIVE;
				CLANG_CXX_LANGUAGE_STANDARD = "gnu++14";
				CLANG_CXX_LIBRARY = "libc++";
				CLANG_ENABLE_MODULES = YES;
				CLANG_ENABLE_OBJC_ARC = YES;
				CLANG_ENABLE_OBJC_WEAK = YES;
				CLANG_WARN_BLOCK_CAPTURE_AUTORELEASING = YES;
				CLANG_WARN_BOOL_CONVERSION = YES;
				CLANG_WARN_COMMA = YES;
				CLANG_WARN_CONSTANT_CONVERSION = YES;
				CLANG_WARN_DEPRECATED_OBJC_IMPLEMENTATIONS = YES;
				CLANG_WARN_DIRECT_OBJC_ISA_USAGE = YES_ERROR;
				CLANG_WARN_DOCUMENTATION_COMMENTS = YES;
				CLANG_WARN_EMPTY_BODY = YES;
				CLANG_WARN_ENUM_CONVERSION = YES;
				CLANG_WARN_INFINITE_RECURSION = YES;
				CLANG_WARN_INT_CONVERSION = YES;
				CLANG_WARN_NON_LITERAL_NULL_CONVERSION = YES;
				CLANG_WARN_OBJC_IMPLICIT_RETAIN_SELF = YES;
				CLANG_WARN_OBJC_LITERAL_CONVERSION = YES;
				CLANG_WARN_OBJC_ROOT_CLASS = YES_ERROR;
				CLANG_WARN_QUOTED_INCLUDE_IN_FRAMEWORK_HEADER = YES;
				CLANG_WARN_RANGE_LOOP_ANALYSIS = YES;
				CLANG_WARN_STRICT_PROTOTYPES = YES;
				CLANG_WARN_SUSPICIOUS_MOVE = YES;
				CLANG_WARN_UNGUARDED_AVAILABILITY = YES_AGGRESSIVE;
				CLANG_WARN_UNREACHABLE_CODE = YES;
				CLANG_WARN__DUPLICATE_METHOD_MATCH = YES;
				COPY_PHASE_STRIP = NO;
				DEBUG_INFORMATION_FORMAT = dwarf;
				ENABLE_STRICT_OBJC_MSGSEND = YES;
				ENABLE_TESTABILITY = YES;
				GCC_C_LANGUAGE_STANDARD = gnu11;
				GCC_DYNAMIC_NO_PIC = NO;
				GCC_NO_COMMON_BLOCKS = YES;
				GCC_OPTIMIZATION_LEVEL = 0;
				GCC_PREPROCESSOR_DEFINITIONS = (
					"DEBUG=1",
					"$(inherited)",
				);
				GCC_WARN_64_TO_32_BIT_CONVERSION = YES;
				GCC_WARN_ABOUT_RETURN_TYPE = YES_ERROR;
				GCC_WARN_UNDECLARED_SELECTOR = YES;
				GCC_WARN_UNINITIALIZED_AUTOS = YES_AGGRESSIVE;
				GCC_WARN_UNUSED_FUNCTION = YES;
				GCC_WARN_UNUSED_VARIABLE = YES;
				IPHONEOS_DEPLOYMENT_TARGET = 14.4;
				MTL_ENABLE_DEBUG_INFO = INCLUDE_SOURCE;
				MTL_FAST_MATH = YES;
				ONLY_ACTIVE_ARCH = YES;
				SDKROOT = iphoneos;
				SWIFT_ACTIVE_COMPILATION_CONDITIONS = DEBUG;
				SWIFT_OPTIMIZATION_LEVEL = "-Onone";
			};
			name = Debug;
		};
		F10663B8262BFFCB00DC5389 /* Release */ = {
			isa = XCBuildConfiguration;
			buildSettings = {
				ALWAYS_SEARCH_USER_PATHS = NO;
				CLANG_ANALYZER_NONNULL = YES;
				CLANG_ANALYZER_NUMBER_OBJECT_CONVERSION = YES_AGGRESSIVE;
				CLANG_CXX_LANGUAGE_STANDARD = "gnu++14";
				CLANG_CXX_LIBRARY = "libc++";
				CLANG_ENABLE_MODULES = YES;
				CLANG_ENABLE_OBJC_ARC = YES;
				CLANG_ENABLE_OBJC_WEAK = YES;
				CLANG_WARN_BLOCK_CAPTURE_AUTORELEASING = YES;
				CLANG_WARN_BOOL_CONVERSION = YES;
				CLANG_WARN_COMMA = YES;
				CLANG_WARN_CONSTANT_CONVERSION = YES;
				CLANG_WARN_DEPRECATED_OBJC_IMPLEMENTATIONS = YES;
				CLANG_WARN_DIRECT_OBJC_ISA_USAGE = YES_ERROR;
				CLANG_WARN_DOCUMENTATION_COMMENTS = YES;
				CLANG_WARN_EMPTY_BODY = YES;
				CLANG_WARN_ENUM_CONVERSION = YES;
				CLANG_WARN_INFINITE_RECURSION = YES;
				CLANG_WARN_INT_CONVERSION = YES;
				CLANG_WARN_NON_LITERAL_NULL_CONVERSION = YES;
				CLANG_WARN_OBJC_IMPLICIT_RETAIN_SELF = YES;
				CLANG_WARN_OBJC_LITERAL_CONVERSION = YES;
				CLANG_WARN_OBJC_ROOT_CLASS = YES_ERROR;
				CLANG_WARN_QUOTED_INCLUDE_IN_FRAMEWORK_HEADER = YES;
				CLANG_WARN_RANGE_LOOP_ANALYSIS = YES;
				CLANG_WARN_STRICT_PROTOTYPES = YES;
				CLANG_WARN_SUSPICIOUS_MOVE = YES;
				CLANG_WARN_UNGUARDED_AVAILABILITY = YES_AGGRESSIVE;
				CLANG_WARN_UNREACHABLE_CODE = YES;
				CLANG_WARN__DUPLICATE_METHOD_MATCH = YES;
				COPY_PHASE_STRIP = NO;
				DEBUG_INFORMATION_FORMAT = "dwarf-with-dsym";
				ENABLE_NS_ASSERTIONS = NO;
				ENABLE_STRICT_OBJC_MSGSEND = YES;
				GCC_C_LANGUAGE_STANDARD = gnu11;
				GCC_NO_COMMON_BLOCKS = YES;
				GCC_WARN_64_TO_32_BIT_CONVERSION = YES;
				GCC_WARN_ABOUT_RETURN_TYPE = YES_ERROR;
				GCC_WARN_UNDECLARED_SELECTOR = YES;
				GCC_WARN_UNINITIALIZED_AUTOS = YES_AGGRESSIVE;
				GCC_WARN_UNUSED_FUNCTION = YES;
				GCC_WARN_UNUSED_VARIABLE = YES;
				IPHONEOS_DEPLOYMENT_TARGET = 14.4;
				MTL_ENABLE_DEBUG_INFO = NO;
				MTL_FAST_MATH = YES;
				SDKROOT = iphoneos;
				SWIFT_COMPILATION_MODE = wholemodule;
				SWIFT_OPTIMIZATION_LEVEL = "-O";
				VALIDATE_PRODUCT = YES;
			};
			name = Release;
		};
		F10663BA262BFFCB00DC5389 /* Debug */ = {
			isa = XCBuildConfiguration;
			buildSettings = {
				ASSETCATALOG_COMPILER_APPICON_NAME = AppIcon;
				ASSETCATALOG_COMPILER_GLOBAL_ACCENT_COLOR_NAME = AccentColor;
				CODE_SIGN_STYLE = Automatic;
				DEVELOPMENT_TEAM = SG7W5VDYUQ;
				INFOPLIST_FILE = TableViewController/Info.plist;
				LD_RUNPATH_SEARCH_PATHS = (
					"$(inherited)",
					"@executable_path/Frameworks",
				);
				PRODUCT_BUNDLE_IDENTIFIER = com.Nechan.TableViewController;
				PRODUCT_NAME = "$(TARGET_NAME)";
				SWIFT_VERSION = 5.0;
				TARGETED_DEVICE_FAMILY = "1,2";
			};
			name = Debug;
		};
		F10663BB262BFFCB00DC5389 /* Release */ = {
			isa = XCBuildConfiguration;
			buildSettings = {
				ASSETCATALOG_COMPILER_APPICON_NAME = AppIcon;
				ASSETCATALOG_COMPILER_GLOBAL_ACCENT_COLOR_NAME = AccentColor;
				CODE_SIGN_STYLE = Automatic;
				DEVELOPMENT_TEAM = SG7W5VDYUQ;
				INFOPLIST_FILE = TableViewController/Info.plist;
				LD_RUNPATH_SEARCH_PATHS = (
					"$(inherited)",
					"@executable_path/Frameworks",
				);
				PRODUCT_BUNDLE_IDENTIFIER = com.Nechan.TableViewController;
				PRODUCT_NAME = "$(TARGET_NAME)";
				SWIFT_VERSION = 5.0;
				TARGETED_DEVICE_FAMILY = "1,2";
			};
			name = Release;
		};
		F10663BD262BFFCB00DC5389 /* Debug */ = {
			isa = XCBuildConfiguration;
			buildSettings = {
				ALWAYS_EMBED_SWIFT_STANDARD_LIBRARIES = YES;
				BUNDLE_LOADER = "$(TEST_HOST)";
				CODE_SIGN_STYLE = Automatic;
				DEVELOPMENT_TEAM = SG7W5VDYUQ;
				INFOPLIST_FILE = TableViewControllerTests/Info.plist;
				IPHONEOS_DEPLOYMENT_TARGET = 14.4;
				LD_RUNPATH_SEARCH_PATHS = (
					"$(inherited)",
					"@executable_path/Frameworks",
					"@loader_path/Frameworks",
				);
				PRODUCT_BUNDLE_IDENTIFIER = com.Nechan.TableViewControllerTests;
				PRODUCT_NAME = "$(TARGET_NAME)";
				SWIFT_VERSION = 5.0;
				TARGETED_DEVICE_FAMILY = "1,2";
				TEST_HOST = "$(BUILT_PRODUCTS_DIR)/TableViewController.app/TableViewController";
			};
			name = Debug;
		};
		F10663BE262BFFCB00DC5389 /* Release */ = {
			isa = XCBuildConfiguration;
			buildSettings = {
				ALWAYS_EMBED_SWIFT_STANDARD_LIBRARIES = YES;
				BUNDLE_LOADER = "$(TEST_HOST)";
				CODE_SIGN_STYLE = Automatic;
				DEVELOPMENT_TEAM = SG7W5VDYUQ;
				INFOPLIST_FILE = TableViewControllerTests/Info.plist;
				IPHONEOS_DEPLOYMENT_TARGET = 14.4;
				LD_RUNPATH_SEARCH_PATHS = (
					"$(inherited)",
					"@executable_path/Frameworks",
					"@loader_path/Frameworks",
				);
				PRODUCT_BUNDLE_IDENTIFIER = com.Nechan.TableViewControllerTests;
				PRODUCT_NAME = "$(TARGET_NAME)";
				SWIFT_VERSION = 5.0;
				TARGETED_DEVICE_FAMILY = "1,2";
				TEST_HOST = "$(BUILT_PRODUCTS_DIR)/TableViewController.app/TableViewController";
			};
			name = Release;
		};
		F10663C0262BFFCB00DC5389 /* Debug */ = {
			isa = XCBuildConfiguration;
			buildSettings = {
				ALWAYS_EMBED_SWIFT_STANDARD_LIBRARIES = YES;
				CODE_SIGN_STYLE = Automatic;
				DEVELOPMENT_TEAM = SG7W5VDYUQ;
				INFOPLIST_FILE = TableViewControllerUITests/Info.plist;
				LD_RUNPATH_SEARCH_PATHS = (
					"$(inherited)",
					"@executable_path/Frameworks",
					"@loader_path/Frameworks",
				);
				PRODUCT_BUNDLE_IDENTIFIER = com.Nechan.TableViewControllerUITests;
				PRODUCT_NAME = "$(TARGET_NAME)";
				SWIFT_VERSION = 5.0;
				TARGETED_DEVICE_FAMILY = "1,2";
				TEST_TARGET_NAME = TableViewController;
			};
			name = Debug;
		};
		F10663C1262BFFCB00DC5389 /* Release */ = {
			isa = XCBuildConfiguration;
			buildSettings = {
				ALWAYS_EMBED_SWIFT_STANDARD_LIBRARIES = YES;
				CODE_SIGN_STYLE = Automatic;
				DEVELOPMENT_TEAM = SG7W5VDYUQ;
				INFOPLIST_FILE = TableViewControllerUITests/Info.plist;
				LD_RUNPATH_SEARCH_PATHS = (
					"$(inherited)",
					"@executable_path/Frameworks",
					"@loader_path/Frameworks",
				);
				PRODUCT_BUNDLE_IDENTIFIER = com.Nechan.TableViewControllerUITests;
				PRODUCT_NAME = "$(TARGET_NAME)";
				SWIFT_VERSION = 5.0;
				TARGETED_DEVICE_FAMILY = "1,2";
				TEST_TARGET_NAME = TableViewController;
			};
			name = Release;
		};
/* End XCBuildConfiguration section */

/* Begin XCConfigurationList section */
		F106638A262BFFC900DC5389 /* Build configuration list for PBXProject "TableViewController" */ = {
			isa = XCConfigurationList;
			buildConfigurations = (
				F10663B7262BFFCB00DC5389 /* Debug */,
				F10663B8262BFFCB00DC5389 /* Release */,
			);
			defaultConfigurationIsVisible = 0;
			defaultConfigurationName = Release;
		};
		F10663B9262BFFCB00DC5389 /* Build configuration list for PBXNativeTarget "TableViewController" */ = {
			isa = XCConfigurationList;
			buildConfigurations = (
				F10663BA262BFFCB00DC5389 /* Debug */,
				F10663BB262BFFCB00DC5389 /* Release */,
			);
			defaultConfigurationIsVisible = 0;
			defaultConfigurationName = Release;
		};
		F10663BC262BFFCB00DC5389 /* Build configuration list for PBXNativeTarget "TableViewControllerTests" */ = {
			isa = XCConfigurationList;
			buildConfigurations = (
				F10663BD262BFFCB00DC5389 /* Debug */,
				F10663BE262BFFCB00DC5389 /* Release */,
			);
			defaultConfigurationIsVisible = 0;
			defaultConfigurationName = Release;
		};
		F10663BF262BFFCB00DC5389 /* Build configuration list for PBXNativeTarget "TableViewControllerUITests" */ = {
			isa = XCConfigurationList;
			buildConfigurations = (
				F10663C0262BFFCB00DC5389 /* Debug */,
				F10663C1262BFFCB00DC5389 /* Release */,
			);
			defaultConfigurationIsVisible = 0;
			defaultConfigurationName = Release;
		};
/* End XCConfigurationList section */
	};
	rootObject = F1066387262BFFC900DC5389 /* Project object */;
}
